// !$*UTF8*$!
{
	archiveVersion = 1;
	classes = {
	};
	objectVersion = 46;
	objects = {

/* Begin PBXBuildFile section */
		BE5E21BC179325F600C2E8A4 /* bookmark_add.png in Resources */ = {isa = PBXBuildFile; fileRef = BE5E21B0179325F600C2E8A4 /* bookmark_add.png */; };
		BE5E21BD179325F600C2E8A4 /* check.png in Resources */ = {isa = PBXBuildFile; fileRef = BE5E21B1179325F600C2E8A4 /* check.png */; };
		BE5E21BE179325F600C2E8A4 /* circle.png in Resources */ = {isa = PBXBuildFile; fileRef = BE5E21B2179325F600C2E8A4 /* circle.png */; };
		BE5E21BF179325F600C2E8A4 /* loading.gif in Resources */ = {isa = PBXBuildFile; fileRef = BE5E21B3179325F600C2E8A4 /* loading.gif */; };
		BE5E21C0179325F600C2E8A4 /* StageActiveStar@2x.png in Resources */ = {isa = PBXBuildFile; fileRef = BE5E21B4179325F600C2E8A4 /* StageActiveStar@2x.png */; };
		BE5E21C1179325F600C2E8A4 /* StageHalfStar@2x.png in Resources */ = {isa = PBXBuildFile; fileRef = BE5E21B5179325F600C2E8A4 /* StageHalfStar@2x.png */; };
		BE5E21C2179325F600C2E8A4 /* StageInactiveStar@2x.png in Resources */ = {isa = PBXBuildFile; fileRef = BE5E21B6179325F600C2E8A4 /* StageInactiveStar@2x.png */; };
		BE5E21C3179325F600C2E8A4 /* star@2x.png in Resources */ = {isa = PBXBuildFile; fileRef = BE5E21B7179325F600C2E8A4 /* star@2x.png */; };
		BE5E21C4179325F600C2E8A4 /* star_empty@2x.png in Resources */ = {isa = PBXBuildFile; fileRef = BE5E21B8179325F600C2E8A4 /* star_empty@2x.png */; };
		BE5E21C5179325F600C2E8A4 /* StoreButton_Highlight.png in Resources */ = {isa = PBXBuildFile; fileRef = BE5E21B9179325F600C2E8A4 /* StoreButton_Highlight.png */; };
		BE5E21C6179325F600C2E8A4 /* StoreButton_Normal.png in Resources */ = {isa = PBXBuildFile; fileRef = BE5E21BA179325F600C2E8A4 /* StoreButton_Normal.png */; };
		BE5E21C7179325F600C2E8A4 /* UIButtonBarRefresh@2x.png in Resources */ = {isa = PBXBuildFile; fileRef = BE5E21BB179325F600C2E8A4 /* UIButtonBarRefresh@2x.png */; };
		BE5E21C8179327C600C2E8A4 /* AppCell.xib in Resources */ = {isa = PBXBuildFile; fileRef = BE5E21AE179325C300C2E8A4 /* AppCell.xib */; };
		BE5E21CB17932A9B00C2E8A4 /* LWPathCell.m in Sources */ = {isa = PBXBuildFile; fileRef = BE5E21CA17932A9B00C2E8A4 /* LWPathCell.m */; };
		BE5E21CD17932AFB00C2E8A4 /* LWPathCell.xib in Resources */ = {isa = PBXBuildFile; fileRef = BE5E21CC17932AFB00C2E8A4 /* LWPathCell.xib */; };
		BE8D1A44179213F900354DBF /* UIKit.framework in Frameworks */ = {isa = PBXBuildFile; fileRef = BE8D1A43179213F900354DBF /* UIKit.framework */; };
		BE8D1A46179213F900354DBF /* Foundation.framework in Frameworks */ = {isa = PBXBuildFile; fileRef = BE8D1A45179213F900354DBF /* Foundation.framework */; };
		BE8D1A48179213F900354DBF /* CoreGraphics.framework in Frameworks */ = {isa = PBXBuildFile; fileRef = BE8D1A47179213F900354DBF /* CoreGraphics.framework */; };
		BE8D1A4E179213F900354DBF /* InfoPlist.strings in Resources */ = {isa = PBXBuildFile; fileRef = BE8D1A4C179213F900354DBF /* InfoPlist.strings */; };
		BE8D1A50179213F900354DBF /* main.m in Sources */ = {isa = PBXBuildFile; fileRef = BE8D1A4F179213F900354DBF /* main.m */; };
		BE8D1A54179213F900354DBF /* AppDelegate.m in Sources */ = {isa = PBXBuildFile; fileRef = BE8D1A53179213F900354DBF /* AppDelegate.m */; };
		BE8D1A56179213F900354DBF /* Default.png in Resources */ = {isa = PBXBuildFile; fileRef = BE8D1A55179213F900354DBF /* Default.png */; };
		BE8D1A58179213F900354DBF /* Default@2x.png in Resources */ = {isa = PBXBuildFile; fileRef = BE8D1A57179213F900354DBF /* Default@2x.png */; };
		BE8D1A5A179213F900354DBF /* Default-568h@2x.png in Resources */ = {isa = PBXBuildFile; fileRef = BE8D1A59179213F900354DBF /* Default-568h@2x.png */; };
		BE8D1A5D179213F900354DBF /* ViewController.m in Sources */ = {isa = PBXBuildFile; fileRef = BE8D1A5C179213F900354DBF /* ViewController.m */; };
		BE8D1A60179213F900354DBF /* ViewController_iPhone.xib in Resources */ = {isa = PBXBuildFile; fileRef = BE8D1A5E179213F900354DBF /* ViewController_iPhone.xib */; };
		BE8D1A63179213F900354DBF /* ViewController_iPad.xib in Resources */ = {isa = PBXBuildFile; fileRef = BE8D1A61179213F900354DBF /* ViewController_iPad.xib */; };
		BE8D1A77179216B100354DBF /* QuartzCore.framework in Frameworks */ = {isa = PBXBuildFile; fileRef = BE8D1A76179216B100354DBF /* QuartzCore.framework */; };
		BE8D1AEF17921F5E00354DBF /* MMDrawerBarButtonItem.m in Sources */ = {isa = PBXBuildFile; fileRef = BE8D1AE817921F5E00354DBF /* MMDrawerBarButtonItem.m */; };
		BE8D1AF017921F5E00354DBF /* MMDrawerController.m in Sources */ = {isa = PBXBuildFile; fileRef = BE8D1AEA17921F5E00354DBF /* MMDrawerController.m */; };
		BE8D1AF117921F5E00354DBF /* MMDrawerVisualState.m in Sources */ = {isa = PBXBuildFile; fileRef = BE8D1AEC17921F5E00354DBF /* MMDrawerVisualState.m */; };
		BE8D1AF217921F5E00354DBF /* UIViewController+MMDrawerController.m in Sources */ = {isa = PBXBuildFile; fileRef = BE8D1AEE17921F5E00354DBF /* UIViewController+MMDrawerController.m */; };
		BE8D1B1817921F6600354DBF /* MMCenterTableViewCell.m in Sources */ = {isa = PBXBuildFile; fileRef = BE8D1AFD17921F6600354DBF /* MMCenterTableViewCell.m */; };
		BE8D1B1A17921F6600354DBF /* MMExampleCenterTableViewController.m in Sources */ = {isa = PBXBuildFile; fileRef = BE8D1B0117921F6600354DBF /* MMExampleCenterTableViewController.m */; };
		BE8D1B1B17921F6600354DBF /* MMExampleDrawerVisualStateManager.m in Sources */ = {isa = PBXBuildFile; fileRef = BE8D1B0317921F6600354DBF /* MMExampleDrawerVisualStateManager.m */; };
		BE8D1B1E17921F6600354DBF /* MMExampleSideDrawerViewController.m in Sources */ = {isa = PBXBuildFile; fileRef = BE8D1B0917921F6600354DBF /* MMExampleSideDrawerViewController.m */; };
		BE8D1B2017921F6600354DBF /* MMSideDrawerSectionHeaderView.m in Sources */ = {isa = PBXBuildFile; fileRef = BE8D1B0D17921F6600354DBF /* MMSideDrawerSectionHeaderView.m */; };
		BE8D1B2117921F6600354DBF /* MMSideDrawerTableViewCell.m in Sources */ = {isa = PBXBuildFile; fileRef = BE8D1B0F17921F6600354DBF /* MMSideDrawerTableViewCell.m */; };
		BE8D1B2217921F6600354DBF /* MMTableViewCell.m in Sources */ = {isa = PBXBuildFile; fileRef = BE8D1B1117921F6600354DBF /* MMTableViewCell.m */; };
		BE97EA5717924AD800E6658A /* LWSimpleTableViewController.m in Sources */ = {isa = PBXBuildFile; fileRef = BE97EA5617924AD800E6658A /* LWSimpleTableViewController.m */; };
		BE97EA5A17924D8E00E6658A /* LWMapViewController.m in Sources */ = {isa = PBXBuildFile; fileRef = BE97EA5917924D8E00E6658A /* LWMapViewController.m */; };
		BE97EA5C17924DCF00E6658A /* LWMapViewController.xib in Resources */ = {isa = PBXBuildFile; fileRef = BE97EA5B17924DCE00E6658A /* LWMapViewController.xib */; };
		BE97EA5E179253D100E6658A /* sampleMapImage.png in Resources */ = {isa = PBXBuildFile; fileRef = BE97EA5D179253D100E6658A /* sampleMapImage.png */; };
/* End PBXBuildFile section */

/* Begin PBXFileReference section */
		BE5E21AC179325C300C2E8A4 /* AppCell.h */ = {isa = PBXFileReference; lastKnownFileType = sourcecode.c.h; path = AppCell.h; sourceTree = "<group>"; };
		BE5E21AD179325C300C2E8A4 /* AppCell.m */ = {isa = PBXFileReference; lastKnownFileType = sourcecode.c.objc; path = AppCell.m; sourceTree = "<group>"; };
		BE5E21AE179325C300C2E8A4 /* AppCell.xib */ = {isa = PBXFileReference; lastKnownFileType = file.xib; path = AppCell.xib; sourceTree = "<group>"; };
		BE5E21B0179325F600C2E8A4 /* bookmark_add.png */ = {isa = PBXFileReference; lastKnownFileType = image.png; path = bookmark_add.png; sourceTree = "<group>"; };
		BE5E21B1179325F600C2E8A4 /* check.png */ = {isa = PBXFileReference; lastKnownFileType = image.png; path = check.png; sourceTree = "<group>"; };
		BE5E21B2179325F600C2E8A4 /* circle.png */ = {isa = PBXFileReference; lastKnownFileType = image.png; path = circle.png; sourceTree = "<group>"; };
		BE5E21B3179325F600C2E8A4 /* loading.gif */ = {isa = PBXFileReference; lastKnownFileType = image.gif; path = loading.gif; sourceTree = "<group>"; };
		BE5E21B4179325F600C2E8A4 /* StageActiveStar@2x.png */ = {isa = PBXFileReference; lastKnownFileType = image.png; path = "StageActiveStar@2x.png"; sourceTree = "<group>"; };
		BE5E21B5179325F600C2E8A4 /* StageHalfStar@2x.png */ = {isa = PBXFileReference; lastKnownFileType = image.png; path = "StageHalfStar@2x.png"; sourceTree = "<group>"; };
		BE5E21B6179325F600C2E8A4 /* StageInactiveStar@2x.png */ = {isa = PBXFileReference; lastKnownFileType = image.png; path = "StageInactiveStar@2x.png"; sourceTree = "<group>"; };
		BE5E21B7179325F600C2E8A4 /* star@2x.png */ = {isa = PBXFileReference; lastKnownFileType = image.png; path = "star@2x.png"; sourceTree = "<group>"; };
		BE5E21B8179325F600C2E8A4 /* star_empty@2x.png */ = {isa = PBXFileReference; lastKnownFileType = image.png; path = "star_empty@2x.png"; sourceTree = "<group>"; };
		BE5E21B9179325F600C2E8A4 /* StoreButton_Highlight.png */ = {isa = PBXFileReference; lastKnownFileType = image.png; path = StoreButton_Highlight.png; sourceTree = "<group>"; };
		BE5E21BA179325F600C2E8A4 /* StoreButton_Normal.png */ = {isa = PBXFileReference; lastKnownFileType = image.png; path = StoreButton_Normal.png; sourceTree = "<group>"; };
		BE5E21BB179325F600C2E8A4 /* UIButtonBarRefresh@2x.png */ = {isa = PBXFileReference; lastKnownFileType = image.png; path = "UIButtonBarRefresh@2x.png"; sourceTree = "<group>"; };
		BE5E21C917932A9B00C2E8A4 /* LWPathCell.h */ = {isa = PBXFileReference; fileEncoding = 4; lastKnownFileType = sourcecode.c.h; path = LWPathCell.h; sourceTree = "<group>"; };
		BE5E21CA17932A9B00C2E8A4 /* LWPathCell.m */ = {isa = PBXFileReference; fileEncoding = 4; lastKnownFileType = sourcecode.c.objc; path = LWPathCell.m; sourceTree = "<group>"; };
		BE5E21CC17932AFB00C2E8A4 /* LWPathCell.xib */ = {isa = PBXFileReference; fileEncoding = 4; lastKnownFileType = file.xib; path = LWPathCell.xib; sourceTree = "<group>"; };
		BE8D1A40179213F900354DBF /* iLoveWalking.app */ = {isa = PBXFileReference; explicitFileType = wrapper.application; includeInIndex = 0; path = iLoveWalking.app; sourceTree = BUILT_PRODUCTS_DIR; };
		BE8D1A43179213F900354DBF /* UIKit.framework */ = {isa = PBXFileReference; lastKnownFileType = wrapper.framework; name = UIKit.framework; path = System/Library/Frameworks/UIKit.framework; sourceTree = SDKROOT; };
		BE8D1A45179213F900354DBF /* Foundation.framework */ = {isa = PBXFileReference; lastKnownFileType = wrapper.framework; name = Foundation.framework; path = System/Library/Frameworks/Foundation.framework; sourceTree = SDKROOT; };
		BE8D1A47179213F900354DBF /* CoreGraphics.framework */ = {isa = PBXFileReference; lastKnownFileType = wrapper.framework; name = CoreGraphics.framework; path = System/Library/Frameworks/CoreGraphics.framework; sourceTree = SDKROOT; };
		BE8D1A4B179213F900354DBF /* iLoveWalking-Info.plist */ = {isa = PBXFileReference; lastKnownFileType = text.plist.xml; path = "iLoveWalking-Info.plist"; sourceTree = "<group>"; };
		BE8D1A4D179213F900354DBF /* en */ = {isa = PBXFileReference; lastKnownFileType = text.plist.strings; name = en; path = en.lproj/InfoPlist.strings; sourceTree = "<group>"; };
		BE8D1A4F179213F900354DBF /* main.m */ = {isa = PBXFileReference; lastKnownFileType = sourcecode.c.objc; path = main.m; sourceTree = "<group>"; };
		BE8D1A51179213F900354DBF /* iLoveWalking-Prefix.pch */ = {isa = PBXFileReference; lastKnownFileType = sourcecode.c.h; path = "iLoveWalking-Prefix.pch"; sourceTree = "<group>"; };
		BE8D1A52179213F900354DBF /* AppDelegate.h */ = {isa = PBXFileReference; lastKnownFileType = sourcecode.c.h; path = AppDelegate.h; sourceTree = "<group>"; };
		BE8D1A53179213F900354DBF /* AppDelegate.m */ = {isa = PBXFileReference; lastKnownFileType = sourcecode.c.objc; path = AppDelegate.m; sourceTree = "<group>"; };
		BE8D1A55179213F900354DBF /* Default.png */ = {isa = PBXFileReference; lastKnownFileType = image.png; path = Default.png; sourceTree = "<group>"; };
		BE8D1A57179213F900354DBF /* Default@2x.png */ = {isa = PBXFileReference; lastKnownFileType = image.png; path = "Default@2x.png"; sourceTree = "<group>"; };
		BE8D1A59179213F900354DBF /* Default-568h@2x.png */ = {isa = PBXFileReference; lastKnownFileType = image.png; path = "Default-568h@2x.png"; sourceTree = "<group>"; };
		BE8D1A5B179213F900354DBF /* ViewController.h */ = {isa = PBXFileReference; lastKnownFileType = sourcecode.c.h; path = ViewController.h; sourceTree = "<group>"; };
		BE8D1A5C179213F900354DBF /* ViewController.m */ = {isa = PBXFileReference; lastKnownFileType = sourcecode.c.objc; path = ViewController.m; sourceTree = "<group>"; };
		BE8D1A5F179213F900354DBF /* en */ = {isa = PBXFileReference; lastKnownFileType = file.xib; name = en; path = en.lproj/ViewController_iPhone.xib; sourceTree = "<group>"; };
		BE8D1A62179213F900354DBF /* en */ = {isa = PBXFileReference; lastKnownFileType = file.xib; name = en; path = en.lproj/ViewController_iPad.xib; sourceTree = "<group>"; };
		BE8D1A76179216B100354DBF /* QuartzCore.framework */ = {isa = PBXFileReference; lastKnownFileType = wrapper.framework; name = QuartzCore.framework; path = System/Library/Frameworks/QuartzCore.framework; sourceTree = SDKROOT; };
		BE8D1AE717921F5E00354DBF /* MMDrawerBarButtonItem.h */ = {isa = PBXFileReference; fileEncoding = 4; lastKnownFileType = sourcecode.c.h; path = MMDrawerBarButtonItem.h; sourceTree = "<group>"; };
		BE8D1AE817921F5E00354DBF /* MMDrawerBarButtonItem.m */ = {isa = PBXFileReference; fileEncoding = 4; lastKnownFileType = sourcecode.c.objc; path = MMDrawerBarButtonItem.m; sourceTree = "<group>"; };
		BE8D1AE917921F5E00354DBF /* MMDrawerController.h */ = {isa = PBXFileReference; fileEncoding = 4; lastKnownFileType = sourcecode.c.h; path = MMDrawerController.h; sourceTree = "<group>"; };
		BE8D1AEA17921F5E00354DBF /* MMDrawerController.m */ = {isa = PBXFileReference; fileEncoding = 4; lastKnownFileType = sourcecode.c.objc; path = MMDrawerController.m; sourceTree = "<group>"; };
		BE8D1AEB17921F5E00354DBF /* MMDrawerVisualState.h */ = {isa = PBXFileReference; fileEncoding = 4; lastKnownFileType = sourcecode.c.h; path = MMDrawerVisualState.h; sourceTree = "<group>"; };
		BE8D1AEC17921F5E00354DBF /* MMDrawerVisualState.m */ = {isa = PBXFileReference; fileEncoding = 4; lastKnownFileType = sourcecode.c.objc; path = MMDrawerVisualState.m; sourceTree = "<group>"; };
		BE8D1AED17921F5E00354DBF /* UIViewController+MMDrawerController.h */ = {isa = PBXFileReference; fileEncoding = 4; lastKnownFileType = sourcecode.c.h; path = "UIViewController+MMDrawerController.h"; sourceTree = "<group>"; };
		BE8D1AEE17921F5E00354DBF /* UIViewController+MMDrawerController.m */ = {isa = PBXFileReference; fileEncoding = 4; lastKnownFileType = sourcecode.c.objc; path = "UIViewController+MMDrawerController.m"; sourceTree = "<group>"; };
		BE8D1AFC17921F6600354DBF /* MMCenterTableViewCell.h */ = {isa = PBXFileReference; fileEncoding = 4; lastKnownFileType = sourcecode.c.h; path = MMCenterTableViewCell.h; sourceTree = "<group>"; };
		BE8D1AFD17921F6600354DBF /* MMCenterTableViewCell.m */ = {isa = PBXFileReference; fileEncoding = 4; lastKnownFileType = sourcecode.c.objc; path = MMCenterTableViewCell.m; sourceTree = "<group>"; };
		BE8D1B0017921F6600354DBF /* MMExampleCenterTableViewController.h */ = {isa = PBXFileReference; fileEncoding = 4; lastKnownFileType = sourcecode.c.h; path = MMExampleCenterTableViewController.h; sourceTree = "<group>"; };
		BE8D1B0117921F6600354DBF /* MMExampleCenterTableViewController.m */ = {isa = PBXFileReference; fileEncoding = 4; lastKnownFileType = sourcecode.c.objc; path = MMExampleCenterTableViewController.m; sourceTree = "<group>"; };
		BE8D1B0217921F6600354DBF /* MMExampleDrawerVisualStateManager.h */ = {isa = PBXFileReference; fileEncoding = 4; lastKnownFileType = sourcecode.c.h; path = MMExampleDrawerVisualStateManager.h; sourceTree = "<group>"; };
		BE8D1B0317921F6600354DBF /* MMExampleDrawerVisualStateManager.m */ = {isa = PBXFileReference; fileEncoding = 4; lastKnownFileType = sourcecode.c.objc; path = MMExampleDrawerVisualStateManager.m; sourceTree = "<group>"; };
		BE8D1B0817921F6600354DBF /* MMExampleSideDrawerViewController.h */ = {isa = PBXFileReference; fileEncoding = 4; lastKnownFileType = sourcecode.c.h; path = MMExampleSideDrawerViewController.h; sourceTree = "<group>"; };
		BE8D1B0917921F6600354DBF /* MMExampleSideDrawerViewController.m */ = {isa = PBXFileReference; fileEncoding = 4; lastKnownFileType = sourcecode.c.objc; path = MMExampleSideDrawerViewController.m; sourceTree = "<group>"; };
		BE8D1B0C17921F6600354DBF /* MMSideDrawerSectionHeaderView.h */ = {isa = PBXFileReference; fileEncoding = 4; lastKnownFileType = sourcecode.c.h; path = MMSideDrawerSectionHeaderView.h; sourceTree = "<group>"; };
		BE8D1B0D17921F6600354DBF /* MMSideDrawerSectionHeaderView.m */ = {isa = PBXFileReference; fileEncoding = 4; lastKnownFileType = sourcecode.c.objc; path = MMSideDrawerSectionHeaderView.m; sourceTree = "<group>"; };
		BE8D1B0E17921F6600354DBF /* MMSideDrawerTableViewCell.h */ = {isa = PBXFileReference; fileEncoding = 4; lastKnownFileType = sourcecode.c.h; path = MMSideDrawerTableViewCell.h; sourceTree = "<group>"; };
		BE8D1B0F17921F6600354DBF /* MMSideDrawerTableViewCell.m */ = {isa = PBXFileReference; fileEncoding = 4; lastKnownFileType = sourcecode.c.objc; path = MMSideDrawerTableViewCell.m; sourceTree = "<group>"; };
		BE8D1B1017921F6600354DBF /* MMTableViewCell.h */ = {isa = PBXFileReference; fileEncoding = 4; lastKnownFileType = sourcecode.c.h; path = MMTableViewCell.h; sourceTree = "<group>"; };
		BE8D1B1117921F6600354DBF /* MMTableViewCell.m */ = {isa = PBXFileReference; fileEncoding = 4; lastKnownFileType = sourcecode.c.objc; path = MMTableViewCell.m; sourceTree = "<group>"; };
		BE97EA5517924AD800E6658A /* LWSimpleTableViewController.h */ = {isa = PBXFileReference; fileEncoding = 4; lastKnownFileType = sourcecode.c.h; name = LWSimpleTableViewController.h; path = ExampleFiles/LWSimpleTableViewController.h; sourceTree = "<group>"; };
		BE97EA5617924AD800E6658A /* LWSimpleTableViewController.m */ = {isa = PBXFileReference; fileEncoding = 4; lastKnownFileType = sourcecode.c.objc; name = LWSimpleTableViewController.m; path = ExampleFiles/LWSimpleTableViewController.m; sourceTree = "<group>"; };
		BE97EA5817924D8E00E6658A /* LWMapViewController.h */ = {isa = PBXFileReference; fileEncoding = 4; lastKnownFileType = sourcecode.c.h; path = LWMapViewController.h; sourceTree = "<group>"; };
		BE97EA5917924D8E00E6658A /* LWMapViewController.m */ = {isa = PBXFileReference; fileEncoding = 4; lastKnownFileType = sourcecode.c.objc; path = LWMapViewController.m; sourceTree = "<group>"; };
		BE97EA5B17924DCE00E6658A /* LWMapViewController.xib */ = {isa = PBXFileReference; fileEncoding = 4; lastKnownFileType = file.xib; path = LWMapViewController.xib; sourceTree = "<group>"; };
		BE97EA5D179253D100E6658A /* sampleMapImage.png */ = {isa = PBXFileReference; lastKnownFileType = image.png; path = sampleMapImage.png; sourceTree = "<group>"; };
/* End PBXFileReference section */

/* Begin PBXFrameworksBuildPhase section */
		BE8D1A3D179213F900354DBF /* Frameworks */ = {
			isa = PBXFrameworksBuildPhase;
			buildActionMask = 2147483647;
			files = (
				BE8D1A77179216B100354DBF /* QuartzCore.framework in Frameworks */,
				BE8D1A44179213F900354DBF /* UIKit.framework in Frameworks */,
				BE8D1A46179213F900354DBF /* Foundation.framework in Frameworks */,
				BE8D1A48179213F900354DBF /* CoreGraphics.framework in Frameworks */,
			);
			runOnlyForDeploymentPostprocessing = 0;
		};
/* End PBXFrameworksBuildPhase section */

/* Begin PBXGroup section */
		BE5E21AF179325F600C2E8A4 /* images */ = {
			isa = PBXGroup;
			children = (
				BE5E21B0179325F600C2E8A4 /* bookmark_add.png */,
				BE5E21B1179325F600C2E8A4 /* check.png */,
				BE5E21B2179325F600C2E8A4 /* circle.png */,
				BE5E21B3179325F600C2E8A4 /* loading.gif */,
				BE5E21B4179325F600C2E8A4 /* StageActiveStar@2x.png */,
				BE5E21B5179325F600C2E8A4 /* StageHalfStar@2x.png */,
				BE5E21B6179325F600C2E8A4 /* StageInactiveStar@2x.png */,
				BE5E21B7179325F600C2E8A4 /* star@2x.png */,
				BE5E21B8179325F600C2E8A4 /* star_empty@2x.png */,
				BE5E21B9179325F600C2E8A4 /* StoreButton_Highlight.png */,
				BE5E21BA179325F600C2E8A4 /* StoreButton_Normal.png */,
				BE5E21BB179325F600C2E8A4 /* UIButtonBarRefresh@2x.png */,
			);
			path = images;
			sourceTree = "<group>";
		};
		BE8D1A37179213F900354DBF = {
			isa = PBXGroup;
			children = (
				BE8D1A49179213F900354DBF /* iLoveWalking */,
				BE8D1A42179213F900354DBF /* Frameworks */,
				BE8D1A41179213F900354DBF /* Products */,
			);
			sourceTree = "<group>";
		};
		BE8D1A41179213F900354DBF /* Products */ = {
			isa = PBXGroup;
			children = (
				BE8D1A40179213F900354DBF /* iLoveWalking.app */,
			);
			name = Products;
			sourceTree = "<group>";
		};
		BE8D1A42179213F900354DBF /* Frameworks */ = {
			isa = PBXGroup;
			children = (
				BE8D1A76179216B100354DBF /* QuartzCore.framework */,
				BE8D1A43179213F900354DBF /* UIKit.framework */,
				BE8D1A45179213F900354DBF /* Foundation.framework */,
				BE8D1A47179213F900354DBF /* CoreGraphics.framework */,
			);
			name = Frameworks;
			sourceTree = "<group>";
		};
		BE8D1A49179213F900354DBF /* iLoveWalking */ = {
			isa = PBXGroup;
			children = (
				BE5E21AF179325F600C2E8A4 /* images */,
				BE97EA5517924AD800E6658A /* LWSimpleTableViewController.h */,
				BE97EA5617924AD800E6658A /* LWSimpleTableViewController.m */,
				BE8D1AF317921F6500354DBF /* ExampleFiles */,
				BE8D1A52179213F900354DBF /* AppDelegate.h */,
				BE8D1A53179213F900354DBF /* AppDelegate.m */,
				BE8D1A5B179213F900354DBF /* ViewController.h */,
				BE8D1A5C179213F900354DBF /* ViewController.m */,
				BE97EA5817924D8E00E6658A /* LWMapViewController.h */,
				BE97EA5917924D8E00E6658A /* LWMapViewController.m */,
				BE97EA5B17924DCE00E6658A /* LWMapViewController.xib */,
				BE5E21AC179325C300C2E8A4 /* AppCell.h */,
				BE5E21AD179325C300C2E8A4 /* AppCell.m */,
				BE5E21AE179325C300C2E8A4 /* AppCell.xib */,
				BE5E21CC17932AFB00C2E8A4 /* LWPathCell.xib */,
				BE5E21C917932A9B00C2E8A4 /* LWPathCell.h */,
				BE5E21CA17932A9B00C2E8A4 /* LWPathCell.m */,
				BE8D1A5E179213F900354DBF /* ViewController_iPhone.xib */,
				BE8D1A61179213F900354DBF /* ViewController_iPad.xib */,
				BE8D1AE617921F5E00354DBF /* MMDrawerController */,
				BE8D1A4A179213F900354DBF /* Supporting Files */,
			);
			path = iLoveWalking;
			sourceTree = "<group>";
		};
		BE8D1A4A179213F900354DBF /* Supporting Files */ = {
			isa = PBXGroup;
			children = (
				BE97EA5D179253D100E6658A /* sampleMapImage.png */,
				BE8D1A4B179213F900354DBF /* iLoveWalking-Info.plist */,
				BE8D1A4C179213F900354DBF /* InfoPlist.strings */,
				BE8D1A4F179213F900354DBF /* main.m */,
				BE8D1A51179213F900354DBF /* iLoveWalking-Prefix.pch */,
				BE8D1A55179213F900354DBF /* Default.png */,
				BE8D1A57179213F900354DBF /* Default@2x.png */,
				BE8D1A59179213F900354DBF /* Default-568h@2x.png */,
			);
			name = "Supporting Files";
			sourceTree = "<group>";
		};
		BE8D1AE617921F5E00354DBF /* MMDrawerController */ = {
			isa = PBXGroup;
			children = (
				BE8D1AE717921F5E00354DBF /* MMDrawerBarButtonItem.h */,
				BE8D1AE817921F5E00354DBF /* MMDrawerBarButtonItem.m */,
				BE8D1AE917921F5E00354DBF /* MMDrawerController.h */,
				BE8D1AEA17921F5E00354DBF /* MMDrawerController.m */,
				BE8D1AEB17921F5E00354DBF /* MMDrawerVisualState.h */,
				BE8D1AEC17921F5E00354DBF /* MMDrawerVisualState.m */,
				BE8D1AED17921F5E00354DBF /* UIViewController+MMDrawerController.h */,
				BE8D1AEE17921F5E00354DBF /* UIViewController+MMDrawerController.m */,
			);
			path = MMDrawerController;
			sourceTree = "<group>";
		};
		BE8D1AF317921F6500354DBF /* ExampleFiles */ = {
			isa = PBXGroup;
			children = (
				BE8D1AFC17921F6600354DBF /* MMCenterTableViewCell.h */,
				BE8D1AFD17921F6600354DBF /* MMCenterTableViewCell.m */,
				BE8D1B0017921F6600354DBF /* MMExampleCenterTableViewController.h */,
				BE8D1B0117921F6600354DBF /* MMExampleCenterTableViewController.m */,
				BE8D1B0217921F6600354DBF /* MMExampleDrawerVisualStateManager.h */,
				BE8D1B0317921F6600354DBF /* MMExampleDrawerVisualStateManager.m */,
				BE8D1B0817921F6600354DBF /* MMExampleSideDrawerViewController.h */,
				BE8D1B0917921F6600354DBF /* MMExampleSideDrawerViewController.m */,
				BE8D1B0C17921F6600354DBF /* MMSideDrawerSectionHeaderView.h */,
				BE8D1B0D17921F6600354DBF /* MMSideDrawerSectionHeaderView.m */,
				BE8D1B0E17921F6600354DBF /* MMSideDrawerTableViewCell.h */,
				BE8D1B0F17921F6600354DBF /* MMSideDrawerTableViewCell.m */,
				BE8D1B1017921F6600354DBF /* MMTableViewCell.h */,
				BE8D1B1117921F6600354DBF /* MMTableViewCell.m */,
			);
			path = ExampleFiles;
			sourceTree = "<group>";
		};
/* End PBXGroup section */

/* Begin PBXNativeTarget section */
		BE8D1A3F179213F900354DBF /* iLoveWalking */ = {
			isa = PBXNativeTarget;
			buildConfigurationList = BE8D1A66179213F900354DBF /* Build configuration list for PBXNativeTarget "iLoveWalking" */;
			buildPhases = (
				BE8D1A3C179213F900354DBF /* Sources */,
				BE8D1A3D179213F900354DBF /* Frameworks */,
				BE8D1A3E179213F900354DBF /* Resources */,
			);
			buildRules = (
			);
			dependencies = (
			);
			name = iLoveWalking;
			productName = iLoveWalking;
			productReference = BE8D1A40179213F900354DBF /* iLoveWalking.app */;
			productType = "com.apple.product-type.application";
		};
/* End PBXNativeTarget section */

/* Begin PBXProject section */
		BE8D1A38179213F900354DBF /* Project object */ = {
			isa = PBXProject;
			attributes = {
				LastUpgradeCheck = 0460;
				ORGANIZATIONNAME = TapSense;
			};
			buildConfigurationList = BE8D1A3B179213F900354DBF /* Build configuration list for PBXProject "iLoveWalking" */;
			compatibilityVersion = "Xcode 3.2";
			developmentRegion = English;
			hasScannedForEncodings = 0;
			knownRegions = (
				en,
			);
			mainGroup = BE8D1A37179213F900354DBF;
			productRefGroup = BE8D1A41179213F900354DBF /* Products */;
			projectDirPath = "";
			projectRoot = "";
			targets = (
				BE8D1A3F179213F900354DBF /* iLoveWalking */,
			);
		};
/* End PBXProject section */

/* Begin PBXResourcesBuildPhase section */
		BE8D1A3E179213F900354DBF /* Resources */ = {
			isa = PBXResourcesBuildPhase;
			buildActionMask = 2147483647;
			files = (
				BE5E21C8179327C600C2E8A4 /* AppCell.xib in Resources */,
				BE8D1A4E179213F900354DBF /* InfoPlist.strings in Resources */,
				BE8D1A56179213F900354DBF /* Default.png in Resources */,
				BE8D1A58179213F900354DBF /* Default@2x.png in Resources */,
				BE8D1A5A179213F900354DBF /* Default-568h@2x.png in Resources */,
				BE8D1A60179213F900354DBF /* ViewController_iPhone.xib in Resources */,
				BE8D1A63179213F900354DBF /* ViewController_iPad.xib in Resources */,
				BE97EA5C17924DCF00E6658A /* LWMapViewController.xib in Resources */,
				BE97EA5E179253D100E6658A /* sampleMapImage.png in Resources */,
				BE5E21BC179325F600C2E8A4 /* bookmark_add.png in Resources */,
				BE5E21BD179325F600C2E8A4 /* check.png in Resources */,
				BE5E21BE179325F600C2E8A4 /* circle.png in Resources */,
				BE5E21BF179325F600C2E8A4 /* loading.gif in Resources */,
				BE5E21C0179325F600C2E8A4 /* StageActiveStar@2x.png in Resources */,
				BE5E21C1179325F600C2E8A4 /* StageHalfStar@2x.png in Resources */,
				BE5E21C2179325F600C2E8A4 /* StageInactiveStar@2x.png in Resources */,
				BE5E21C3179325F600C2E8A4 /* star@2x.png in Resources */,
				BE5E21C4179325F600C2E8A4 /* star_empty@2x.png in Resources */,
				BE5E21C5179325F600C2E8A4 /* StoreButton_Highlight.png in Resources */,
				BE5E21C6179325F600C2E8A4 /* StoreButton_Normal.png in Resources */,
				BE5E21C7179325F600C2E8A4 /* UIButtonBarRefresh@2x.png in Resources */,
				BE5E21CD17932AFB00C2E8A4 /* LWPathCell.xib in Resources */,
			);
			runOnlyForDeploymentPostprocessing = 0;
		};
/* End PBXResourcesBuildPhase section */

/* Begin PBXSourcesBuildPhase section */
		BE8D1A3C179213F900354DBF /* Sources */ = {
			isa = PBXSourcesBuildPhase;
			buildActionMask = 2147483647;
			files = (
				BE8D1A50179213F900354DBF /* main.m in Sources */,
				BE8D1A54179213F900354DBF /* AppDelegate.m in Sources */,
				BE8D1A5D179213F900354DBF /* ViewController.m in Sources */,
				BE8D1AEF17921F5E00354DBF /* MMDrawerBarButtonItem.m in Sources */,
				BE8D1AF017921F5E00354DBF /* MMDrawerController.m in Sources */,
				BE8D1AF117921F5E00354DBF /* MMDrawerVisualState.m in Sources */,
				BE8D1AF217921F5E00354DBF /* UIViewController+MMDrawerController.m in Sources */,
				BE8D1B1817921F6600354DBF /* MMCenterTableViewCell.m in Sources */,
				BE8D1B1A17921F6600354DBF /* MMExampleCenterTableViewController.m in Sources */,
				BE8D1B1B17921F6600354DBF /* MMExampleDrawerVisualStateManager.m in Sources */,
				BE8D1B1E17921F6600354DBF /* MMExampleSideDrawerViewController.m in Sources */,
				BE8D1B2017921F6600354DBF /* MMSideDrawerSectionHeaderView.m in Sources */,
				BE8D1B2117921F6600354DBF /* MMSideDrawerTableViewCell.m in Sources */,
				BE8D1B2217921F6600354DBF /* MMTableViewCell.m in Sources */,
				BE97EA5717924AD800E6658A /* LWSimpleTableViewController.m in Sources */,
				BE97EA5A17924D8E00E6658A /* LWMapViewController.m in Sources */,
				BE5E21CB17932A9B00C2E8A4 /* LWPathCell.m in Sources */,
			);
			runOnlyForDeploymentPostprocessing = 0;
		};
/* End PBXSourcesBuildPhase section */

/* Begin PBXVariantGroup section */
		BE8D1A4C179213F900354DBF /* InfoPlist.strings */ = {
			isa = PBXVariantGroup;
			children = (
				BE8D1A4D179213F900354DBF /* en */,
			);
			name = InfoPlist.strings;
			sourceTree = "<group>";
		};
		BE8D1A5E179213F900354DBF /* ViewController_iPhone.xib */ = {
			isa = PBXVariantGroup;
			children = (
				BE8D1A5F179213F900354DBF /* en */,
			);
			name = ViewController_iPhone.xib;
			sourceTree = "<group>";
		};
		BE8D1A61179213F900354DBF /* ViewController_iPad.xib */ = {
			isa = PBXVariantGroup;
			children = (
				BE8D1A62179213F900354DBF /* en */,
			);
			name = ViewController_iPad.xib;
			sourceTree = "<group>";
		};
/* End PBXVariantGroup section */

/* Begin XCBuildConfiguration section */
		BE8D1A64179213F900354DBF /* Debug */ = {
			isa = XCBuildConfiguration;
			buildSettings = {
				ALWAYS_SEARCH_USER_PATHS = NO;
				CLANG_CXX_LANGUAGE_STANDARD = "gnu++0x";
				CLANG_CXX_LIBRARY = "libc++";
				CLANG_WARN_CONSTANT_CONVERSION = YES;
				CLANG_WARN_EMPTY_BODY = YES;
				CLANG_WARN_ENUM_CONVERSION = YES;
				CLANG_WARN_INT_CONVERSION = YES;
				CLANG_WARN__DUPLICATE_METHOD_MATCH = YES;
				"CODE_SIGN_IDENTITY[sdk=iphoneos*]" = "iPhone Developer";
				COPY_PHASE_STRIP = NO;
				GCC_C_LANGUAGE_STANDARD = gnu99;
				GCC_DYNAMIC_NO_PIC = NO;
				GCC_OPTIMIZATION_LEVEL = 0;
				GCC_PREPROCESSOR_DEFINITIONS = (
					"DEBUG=1",
					"$(inherited)",
				);
				GCC_SYMBOLS_PRIVATE_EXTERN = NO;
				GCC_WARN_ABOUT_RETURN_TYPE = YES;
				GCC_WARN_UNINITIALIZED_AUTOS = YES;
				GCC_WARN_UNUSED_VARIABLE = YES;
				IPHONEOS_DEPLOYMENT_TARGET = 6.1;
				ONLY_ACTIVE_ARCH = YES;
				SDKROOT = iphoneos;
				TARGETED_DEVICE_FAMILY = "1,2";
			};
			name = Debug;
		};
		BE8D1A65179213F900354DBF /* Release */ = {
			isa = XCBuildConfiguration;
			buildSettings = {
				ALWAYS_SEARCH_USER_PATHS = NO;
				CLANG_CXX_LANGUAGE_STANDARD = "gnu++0x";
				CLANG_CXX_LIBRARY = "libc++";
				CLANG_WARN_CONSTANT_CONVERSION = YES;
				CLANG_WARN_EMPTY_BODY = YES;
				CLANG_WARN_ENUM_CONVERSION = YES;
				CLANG_WARN_INT_CONVERSION = YES;
				CLANG_WARN__DUPLICATE_METHOD_MATCH = YES;
				"CODE_SIGN_IDENTITY[sdk=iphoneos*]" = "iPhone Developer";
				COPY_PHASE_STRIP = YES;
				GCC_C_LANGUAGE_STANDARD = gnu99;
				GCC_WARN_ABOUT_RETURN_TYPE = YES;
				GCC_WARN_UNINITIALIZED_AUTOS = YES;
				GCC_WARN_UNUSED_VARIABLE = YES;
				IPHONEOS_DEPLOYMENT_TARGET = 6.1;
				OTHER_CFLAGS = "-DNS_BLOCK_ASSERTIONS=1";
				SDKROOT = iphoneos;
				TARGETED_DEVICE_FAMILY = "1,2";
				VALIDATE_PRODUCT = YES;
			};
			name = Release;
		};
		BE8D1A67179213F900354DBF /* Debug */ = {
			isa = XCBuildConfiguration;
			buildSettings = {
				GCC_PRECOMPILE_PREFIX_HEADER = YES;
				GCC_PREFIX_HEADER = "iLoveWalking/iLoveWalking-Prefix.pch";
				INFOPLIST_FILE = "iLoveWalking/iLoveWalking-Info.plist";
				PRODUCT_NAME = "$(TARGET_NAME)";
				WRAPPER_EXTENSION = app;
			};
			name = Debug;
		};
		BE8D1A68179213F900354DBF /* Release */ = {
			isa = XCBuildConfiguration;
			buildSettings = {
				GCC_PRECOMPILE_PREFIX_HEADER = YES;
				GCC_PREFIX_HEADER = "iLoveWalking/iLoveWalking-Prefix.pch";
				INFOPLIST_FILE = "iLoveWalking/iLoveWalking-Info.plist";
				PRODUCT_NAME = "$(TARGET_NAME)";
				WRAPPER_EXTENSION = app;
			};
			name = Release;
		};
/* End XCBuildConfiguration section */

/* Begin XCConfigurationList section */
		BE8D1A3B179213F900354DBF /* Build configuration list for PBXProject "iLoveWalking" */ = {
			isa = XCConfigurationList;
			buildConfigurations = (
				BE8D1A64179213F900354DBF /* Debug */,
				BE8D1A65179213F900354DBF /* Release */,
			);
			defaultConfigurationIsVisible = 0;
			defaultConfigurationName = Release;
		};
		BE8D1A66179213F900354DBF /* Build configuration list for PBXNativeTarget "iLoveWalking" */ = {
			isa = XCConfigurationList;
			buildConfigurations = (
				BE8D1A67179213F900354DBF /* Debug */,
				BE8D1A68179213F900354DBF /* Release */,
			);
			defaultConfigurationIsVisible = 0;
			defaultConfigurationName = Release;
		};
/* End XCConfigurationList section */
	};
	rootObject = BE8D1A38179213F900354DBF /* Project object */;
}
