// !$*UTF8*$!
{
	archiveVersion = 1;
	classes = {
	};
	objectVersion = 46;
	objects = {

/* Begin PBXBuildFile section */
		BE8D1A44179213F900354DBF /* UIKit.framework in Frameworks */ = {isa = PBXBuildFile; fileRef = BE8D1A43179213F900354DBF /* UIKit.framework */; };
		BE8D1A46179213F900354DBF /* Foundation.framework in Frameworks */ = {isa = PBXBuildFile; fileRef = BE8D1A45179213F900354DBF /* Foundation.framework */; };
		BE8D1A48179213F900354DBF /* CoreGraphics.framework in Frameworks */ = {isa = PBXBuildFile; fileRef = BE8D1A47179213F900354DBF /* CoreGraphics.framework */; };
		BE8D1A4E179213F900354DBF /* InfoPlist.strings in Resources */ = {isa = PBXBuildFile; fileRef = BE8D1A4C179213F900354DBF /* InfoPlist.strings */; };
		BE8D1A50179213F900354DBF /* main.m in Sources */ = {isa = PBXBuildFile; fileRef = BE8D1A4F179213F900354DBF /* main.m */; };
		BE8D1A54179213F900354DBF /* AppDelegate.m in Sources */ = {isa = PBXBuildFile; fileRef = BE8D1A53179213F900354DBF /* AppDelegate.m */; };
		BE8D1A56179213F900354DBF /* Default.png in Resources */ = {isa = PBXBuildFile; fileRef = BE8D1A55179213F900354DBF /* Default.png */; };
		BE8D1A58179213F900354DBF /* Default@2x.png in Resources */ = {isa = PBXBuildFile; fileRef = BE8D1A57179213F900354DBF /* Default@2x.png */; };
		BE8D1A5A179213F900354DBF /* Default-568h@2x.png in Resources */ = {isa = PBXBuildFile; fileRef = BE8D1A59179213F900354DBF /* Default-568h@2x.png */; };
		BE8D1A5D179213F900354DBF /* ViewController.m in Sources */ = {isa = PBXBuildFile; fileRef = BE8D1A5C179213F900354DBF /* ViewController.m */; };
		BE8D1A60179213F900354DBF /* ViewController_iPhone.xib in Resources */ = {isa = PBXBuildFile; fileRef = BE8D1A5E179213F900354DBF /* ViewController_iPhone.xib */; };
		BE8D1A63179213F900354DBF /* ViewController_iPad.xib in Resources */ = {isa = PBXBuildFile; fileRef = BE8D1A61179213F900354DBF /* ViewController_iPad.xib */; };
/* End PBXBuildFile section */

/* Begin PBXFileReference section */
		BE8D1A40179213F900354DBF /* iLoveWalking.app */ = {isa = PBXFileReference; explicitFileType = wrapper.application; includeInIndex = 0; path = iLoveWalking.app; sourceTree = BUILT_PRODUCTS_DIR; };
		BE8D1A43179213F900354DBF /* UIKit.framework */ = {isa = PBXFileReference; lastKnownFileType = wrapper.framework; name = UIKit.framework; path = System/Library/Frameworks/UIKit.framework; sourceTree = SDKROOT; };
		BE8D1A45179213F900354DBF /* Foundation.framework */ = {isa = PBXFileReference; lastKnownFileType = wrapper.framework; name = Foundation.framework; path = System/Library/Frameworks/Foundation.framework; sourceTree = SDKROOT; };
		BE8D1A47179213F900354DBF /* CoreGraphics.framework */ = {isa = PBXFileReference; lastKnownFileType = wrapper.framework; name = CoreGraphics.framework; path = System/Library/Frameworks/CoreGraphics.framework; sourceTree = SDKROOT; };
		BE8D1A4B179213F900354DBF /* iLoveWalking-Info.plist */ = {isa = PBXFileReference; lastKnownFileType = text.plist.xml; path = "iLoveWalking-Info.plist"; sourceTree = "<group>"; };
		BE8D1A4D179213F900354DBF /* en */ = {isa = PBXFileReference; lastKnownFileType = text.plist.strings; name = en; path = en.lproj/InfoPlist.strings; sourceTree = "<group>"; };
		BE8D1A4F179213F900354DBF /* main.m */ = {isa = PBXFileReference; lastKnownFileType = sourcecode.c.objc; path = main.m; sourceTree = "<group>"; };
		BE8D1A51179213F900354DBF /* iLoveWalking-Prefix.pch */ = {isa = PBXFileReference; lastKnownFileType = sourcecode.c.h; path = "iLoveWalking-Prefix.pch"; sourceTree = "<group>"; };
		BE8D1A52179213F900354DBF /* AppDelegate.h */ = {isa = PBXFileReference; lastKnownFileType = sourcecode.c.h; path = AppDelegate.h; sourceTree = "<group>"; };
		BE8D1A53179213F900354DBF /* AppDelegate.m */ = {isa = PBXFileReference; lastKnownFileType = sourcecode.c.objc; path = AppDelegate.m; sourceTree = "<group>"; };
		BE8D1A55179213F900354DBF /* Default.png */ = {isa = PBXFileReference; lastKnownFileType = image.png; path = Default.png; sourceTree = "<group>"; };
		BE8D1A57179213F900354DBF /* Default@2x.png */ = {isa = PBXFileReference; lastKnownFileType = image.png; path = "Default@2x.png"; sourceTree = "<group>"; };
		BE8D1A59179213F900354DBF /* Default-568h@2x.png */ = {isa = PBXFileReference; lastKnownFileType = image.png; path = "Default-568h@2x.png"; sourceTree = "<group>"; };
		BE8D1A5B179213F900354DBF /* ViewController.h */ = {isa = PBXFileReference; lastKnownFileType = sourcecode.c.h; path = ViewController.h; sourceTree = "<group>"; };
		BE8D1A5C179213F900354DBF /* ViewController.m */ = {isa = PBXFileReference; lastKnownFileType = sourcecode.c.objc; path = ViewController.m; sourceTree = "<group>"; };
		BE8D1A5F179213F900354DBF /* en */ = {isa = PBXFileReference; lastKnownFileType = file.xib; name = en; path = en.lproj/ViewController_iPhone.xib; sourceTree = "<group>"; };
		BE8D1A62179213F900354DBF /* en */ = {isa = PBXFileReference; lastKnownFileType = file.xib; name = en; path = en.lproj/ViewController_iPad.xib; sourceTree = "<group>"; };
/* End PBXFileReference section */

/* Begin PBXFrameworksBuildPhase section */
		BE8D1A3D179213F900354DBF /* Frameworks */ = {
			isa = PBXFrameworksBuildPhase;
			buildActionMask = 2147483647;
			files = (
				BE8D1A44179213F900354DBF /* UIKit.framework in Frameworks */,
				BE8D1A46179213F900354DBF /* Foundation.framework in Frameworks */,
				BE8D1A48179213F900354DBF /* CoreGraphics.framework in Frameworks */,
			);
			runOnlyForDeploymentPostprocessing = 0;
		};
/* End PBXFrameworksBuildPhase section */

/* Begin PBXGroup section */
		BE8D1A37179213F900354DBF = {
			isa = PBXGroup;
			children = (
				BE8D1A49179213F900354DBF /* iLoveWalking */,
				BE8D1A42179213F900354DBF /* Frameworks */,
				BE8D1A41179213F900354DBF /* Products */,
			);
			sourceTree = "<group>";
		};
		BE8D1A41179213F900354DBF /* Products */ = {
			isa = PBXGroup;
			children = (
				BE8D1A40179213F900354DBF /* iLoveWalking.app */,
			);
			name = Products;
			sourceTree = "<group>";
		};
		BE8D1A42179213F900354DBF /* Frameworks */ = {
			isa = PBXGroup;
			children = (
				BE8D1A43179213F900354DBF /* UIKit.framework */,
				BE8D1A45179213F900354DBF /* Foundation.framework */,
				BE8D1A47179213F900354DBF /* CoreGraphics.framework */,
			);
			name = Frameworks;
			sourceTree = "<group>";
		};
		BE8D1A49179213F900354DBF /* iLoveWalking */ = {
			isa = PBXGroup;
			children = (
				BE8D1A52179213F900354DBF /* AppDelegate.h */,
				BE8D1A53179213F900354DBF /* AppDelegate.m */,
				BE8D1A5B179213F900354DBF /* ViewController.h */,
				BE8D1A5C179213F900354DBF /* ViewController.m */,
				BE8D1A5E179213F900354DBF /* ViewController_iPhone.xib */,
				BE8D1A61179213F900354DBF /* ViewController_iPad.xib */,
				BE8D1A4A179213F900354DBF /* Supporting Files */,
			);
			path = iLoveWalking;
			sourceTree = "<group>";
		};
		BE8D1A4A179213F900354DBF /* Supporting Files */ = {
			isa = PBXGroup;
			children = (
				BE8D1A4B179213F900354DBF /* iLoveWalking-Info.plist */,
				BE8D1A4C179213F900354DBF /* InfoPlist.strings */,
				BE8D1A4F179213F900354DBF /* main.m */,
				BE8D1A51179213F900354DBF /* iLoveWalking-Prefix.pch */,
				BE8D1A55179213F900354DBF /* Default.png */,
				BE8D1A57179213F900354DBF /* Default@2x.png */,
				BE8D1A59179213F900354DBF /* Default-568h@2x.png */,
			);
			name = "Supporting Files";
			sourceTree = "<group>";
		};
/* End PBXGroup section */

/* Begin PBXNativeTarget section */
		BE8D1A3F179213F900354DBF /* iLoveWalking */ = {
			isa = PBXNativeTarget;
			buildConfigurationList = BE8D1A66179213F900354DBF /* Build configuration list for PBXNativeTarget "iLoveWalking" */;
			buildPhases = (
				BE8D1A3C179213F900354DBF /* Sources */,
				BE8D1A3D179213F900354DBF /* Frameworks */,
				BE8D1A3E179213F900354DBF /* Resources */,
			);
			buildRules = (
			);
			dependencies = (
			);
			name = iLoveWalking;
			productName = iLoveWalking;
			productReference = BE8D1A40179213F900354DBF /* iLoveWalking.app */;
			productType = "com.apple.product-type.application";
		};
/* End PBXNativeTarget section */

/* Begin PBXProject section */
		BE8D1A38179213F900354DBF /* Project object */ = {
			isa = PBXProject;
			attributes = {
				LastUpgradeCheck = 0460;
				ORGANIZATIONNAME = TapSense;
			};
			buildConfigurationList = BE8D1A3B179213F900354DBF /* Build configuration list for PBXProject "iLoveWalking" */;
			compatibilityVersion = "Xcode 3.2";
			developmentRegion = English;
			hasScannedForEncodings = 0;
			knownRegions = (
				en,
			);
			mainGroup = BE8D1A37179213F900354DBF;
			productRefGroup = BE8D1A41179213F900354DBF /* Products */;
			projectDirPath = "";
			projectRoot = "";
			targets = (
				BE8D1A3F179213F900354DBF /* iLoveWalking */,
			);
		};
/* End PBXProject section */

/* Begin PBXResourcesBuildPhase section */
		BE8D1A3E179213F900354DBF /* Resources */ = {
			isa = PBXResourcesBuildPhase;
			buildActionMask = 2147483647;
			files = (
				BE8D1A4E179213F900354DBF /* InfoPlist.strings in Resources */,
				BE8D1A56179213F900354DBF /* Default.png in Resources */,
				BE8D1A58179213F900354DBF /* Default@2x.png in Resources */,
				BE8D1A5A179213F900354DBF /* Default-568h@2x.png in Resources */,
				BE8D1A60179213F900354DBF /* ViewController_iPhone.xib in Resources */,
				BE8D1A63179213F900354DBF /* ViewController_iPad.xib in Resources */,
			);
			runOnlyForDeploymentPostprocessing = 0;
		};
/* End PBXResourcesBuildPhase section */

/* Begin PBXSourcesBuildPhase section */
		BE8D1A3C179213F900354DBF /* Sources */ = {
			isa = PBXSourcesBuildPhase;
			buildActionMask = 2147483647;
			files = (
				BE8D1A50179213F900354DBF /* main.m in Sources */,
				BE8D1A54179213F900354DBF /* AppDelegate.m in Sources */,
				BE8D1A5D179213F900354DBF /* ViewController.m in Sources */,
			);
			runOnlyForDeploymentPostprocessing = 0;
		};
/* End PBXSourcesBuildPhase section */

/* Begin PBXVariantGroup section */
		BE8D1A4C179213F900354DBF /* InfoPlist.strings */ = {
			isa = PBXVariantGroup;
			children = (
				BE8D1A4D179213F900354DBF /* en */,
			);
			name = InfoPlist.strings;
			sourceTree = "<group>";
		};
		BE8D1A5E179213F900354DBF /* ViewController_iPhone.xib */ = {
			isa = PBXVariantGroup;
			children = (
				BE8D1A5F179213F900354DBF /* en */,
			);
			name = ViewController_iPhone.xib;
			sourceTree = "<group>";
		};
		BE8D1A61179213F900354DBF /* ViewController_iPad.xib */ = {
			isa = PBXVariantGroup;
			children = (
				BE8D1A62179213F900354DBF /* en */,
			);
			name = ViewController_iPad.xib;
			sourceTree = "<group>";
		};
/* End PBXVariantGroup section */

/* Begin XCBuildConfiguration section */
		BE8D1A64179213F900354DBF /* Debug */ = {
			isa = XCBuildConfiguration;
			buildSettings = {
				ALWAYS_SEARCH_USER_PATHS = NO;
				CLANG_CXX_LANGUAGE_STANDARD = "gnu++0x";
				CLANG_CXX_LIBRARY = "libc++";
				CLANG_WARN_CONSTANT_CONVERSION = YES;
				CLANG_WARN_EMPTY_BODY = YES;
				CLANG_WARN_ENUM_CONVERSION = YES;
				CLANG_WARN_INT_CONVERSION = YES;
				CLANG_WARN__DUPLICATE_METHOD_MATCH = YES;
				"CODE_SIGN_IDENTITY[sdk=iphoneos*]" = "iPhone Developer";
				COPY_PHASE_STRIP = NO;
				GCC_C_LANGUAGE_STANDARD = gnu99;
				GCC_DYNAMIC_NO_PIC = NO;
				GCC_OPTIMIZATION_LEVEL = 0;
				GCC_PREPROCESSOR_DEFINITIONS = (
					"DEBUG=1",
					"$(inherited)",
				);
				GCC_SYMBOLS_PRIVATE_EXTERN = NO;
				GCC_WARN_ABOUT_RETURN_TYPE = YES;
				GCC_WARN_UNINITIALIZED_AUTOS = YES;
				GCC_WARN_UNUSED_VARIABLE = YES;
				IPHONEOS_DEPLOYMENT_TARGET = 6.1;
				ONLY_ACTIVE_ARCH = YES;
				SDKROOT = iphoneos;
				TARGETED_DEVICE_FAMILY = "1,2";
			};
			name = Debug;
		};
		BE8D1A65179213F900354DBF /* Release */ = {
			isa = XCBuildConfiguration;
			buildSettings = {
				ALWAYS_SEARCH_USER_PATHS = NO;
				CLANG_CXX_LANGUAGE_STANDARD = "gnu++0x";
				CLANG_CXX_LIBRARY = "libc++";
				CLANG_WARN_CONSTANT_CONVERSION = YES;
				CLANG_WARN_EMPTY_BODY = YES;
				CLANG_WARN_ENUM_CONVERSION = YES;
				CLANG_WARN_INT_CONVERSION = YES;
				CLANG_WARN__DUPLICATE_METHOD_MATCH = YES;
				"CODE_SIGN_IDENTITY[sdk=iphoneos*]" = "iPhone Developer";
				COPY_PHASE_STRIP = YES;
				GCC_C_LANGUAGE_STANDARD = gnu99;
				GCC_WARN_ABOUT_RETURN_TYPE = YES;
				GCC_WARN_UNINITIALIZED_AUTOS = YES;
				GCC_WARN_UNUSED_VARIABLE = YES;
				IPHONEOS_DEPLOYMENT_TARGET = 6.1;
				OTHER_CFLAGS = "-DNS_BLOCK_ASSERTIONS=1";
				SDKROOT = iphoneos;
				TARGETED_DEVICE_FAMILY = "1,2";
				VALIDATE_PRODUCT = YES;
			};
			name = Release;
		};
		BE8D1A67179213F900354DBF /* Debug */ = {
			isa = XCBuildConfiguration;
			buildSettings = {
				GCC_PRECOMPILE_PREFIX_HEADER = YES;
				GCC_PREFIX_HEADER = "iLoveWalking/iLoveWalking-Prefix.pch";
				INFOPLIST_FILE = "iLoveWalking/iLoveWalking-Info.plist";
				PRODUCT_NAME = "$(TARGET_NAME)";
				WRAPPER_EXTENSION = app;
			};
			name = Debug;
		};
		BE8D1A68179213F900354DBF /* Release */ = {
			isa = XCBuildConfiguration;
			buildSettings = {
				GCC_PRECOMPILE_PREFIX_HEADER = YES;
				GCC_PREFIX_HEADER = "iLoveWalking/iLoveWalking-Prefix.pch";
				INFOPLIST_FILE = "iLoveWalking/iLoveWalking-Info.plist";
				PRODUCT_NAME = "$(TARGET_NAME)";
				WRAPPER_EXTENSION = app;
			};
			name = Release;
		};
/* End XCBuildConfiguration section */

/* Begin XCConfigurationList section */
		BE8D1A3B179213F900354DBF /* Build configuration list for PBXProject "iLoveWalking" */ = {
			isa = XCConfigurationList;
			buildConfigurations = (
				BE8D1A64179213F900354DBF /* Debug */,
				BE8D1A65179213F900354DBF /* Release */,
			);
			defaultConfigurationIsVisible = 0;
			defaultConfigurationName = Release;
		};
		BE8D1A66179213F900354DBF /* Build configuration list for PBXNativeTarget "iLoveWalking" */ = {
			isa = XCConfigurationList;
			buildConfigurations = (
				BE8D1A67179213F900354DBF /* Debug */,
				BE8D1A68179213F900354DBF /* Release */,
			);
			defaultConfigurationIsVisible = 0;
		};
/* End XCConfigurationList section */
	};
	rootObject = BE8D1A38179213F900354DBF /* Project object */;
}
