// !$*UTF8*$!
{
	archiveVersion = 1;
	classes = {
	};
	objectVersion = 46;
	objects = {

/* Begin PBXBuildFile section */
		BE8D19E01791DD3800354DBF /* UIKit.framework in Frameworks */ = {isa = PBXBuildFile; fileRef = BE8D19DF1791DD3800354DBF /* UIKit.framework */; };
		BE8D19E21791DD3800354DBF /* Foundation.framework in Frameworks */ = {isa = PBXBuildFile; fileRef = BE8D19E11791DD3800354DBF /* Foundation.framework */; };
		BE8D19E41791DD3800354DBF /* CoreGraphics.framework in Frameworks */ = {isa = PBXBuildFile; fileRef = BE8D19E31791DD3800354DBF /* CoreGraphics.framework */; };
		BE8D19EA1791DD3800354DBF /* InfoPlist.strings in Resources */ = {isa = PBXBuildFile; fileRef = BE8D19E81791DD3800354DBF /* InfoPlist.strings */; };
		BE8D19EC1791DD3800354DBF /* main.m in Sources */ = {isa = PBXBuildFile; fileRef = BE8D19EB1791DD3800354DBF /* main.m */; };
		BE8D19F01791DD3800354DBF /* AppDelegate.m in Sources */ = {isa = PBXBuildFile; fileRef = BE8D19EF1791DD3800354DBF /* AppDelegate.m */; };
		BE8D19F21791DD3800354DBF /* Default.png in Resources */ = {isa = PBXBuildFile; fileRef = BE8D19F11791DD3800354DBF /* Default.png */; };
		BE8D19F41791DD3800354DBF /* Default@2x.png in Resources */ = {isa = PBXBuildFile; fileRef = BE8D19F31791DD3800354DBF /* Default@2x.png */; };
		BE8D19F61791DD3800354DBF /* Default-568h@2x.png in Resources */ = {isa = PBXBuildFile; fileRef = BE8D19F51791DD3800354DBF /* Default-568h@2x.png */; };
		BE8D19F91791DD3800354DBF /* MainStoryboard_iPhone.storyboard in Resources */ = {isa = PBXBuildFile; fileRef = BE8D19F71791DD3800354DBF /* MainStoryboard_iPhone.storyboard */; };
		BE8D19FC1791DD3800354DBF /* MainStoryboard_iPad.storyboard in Resources */ = {isa = PBXBuildFile; fileRef = BE8D19FA1791DD3800354DBF /* MainStoryboard_iPad.storyboard */; };
		BE8D19FF1791DD3800354DBF /* ViewController.m in Sources */ = {isa = PBXBuildFile; fileRef = BE8D19FE1791DD3800354DBF /* ViewController.m */; };
/* End PBXBuildFile section */

/* Begin PBXFileReference section */
		BE8D19DC1791DD3800354DBF /* HelloWorld.app */ = {isa = PBXFileReference; explicitFileType = wrapper.application; includeInIndex = 0; path = HelloWorld.app; sourceTree = BUILT_PRODUCTS_DIR; };
		BE8D19DF1791DD3800354DBF /* UIKit.framework */ = {isa = PBXFileReference; lastKnownFileType = wrapper.framework; name = UIKit.framework; path = System/Library/Frameworks/UIKit.framework; sourceTree = SDKROOT; };
		BE8D19E11791DD3800354DBF /* Foundation.framework */ = {isa = PBXFileReference; lastKnownFileType = wrapper.framework; name = Foundation.framework; path = System/Library/Frameworks/Foundation.framework; sourceTree = SDKROOT; };
		BE8D19E31791DD3800354DBF /* CoreGraphics.framework */ = {isa = PBXFileReference; lastKnownFileType = wrapper.framework; name = CoreGraphics.framework; path = System/Library/Frameworks/CoreGraphics.framework; sourceTree = SDKROOT; };
		BE8D19E71791DD3800354DBF /* HelloWorld-Info.plist */ = {isa = PBXFileReference; lastKnownFileType = text.plist.xml; path = "HelloWorld-Info.plist"; sourceTree = "<group>"; };
		BE8D19E91791DD3800354DBF /* en */ = {isa = PBXFileReference; lastKnownFileType = text.plist.strings; name = en; path = en.lproj/InfoPlist.strings; sourceTree = "<group>"; };
		BE8D19EB1791DD3800354DBF /* main.m */ = {isa = PBXFileReference; lastKnownFileType = sourcecode.c.objc; path = main.m; sourceTree = "<group>"; };
		BE8D19ED1791DD3800354DBF /* HelloWorld-Prefix.pch */ = {isa = PBXFileReference; lastKnownFileType = sourcecode.c.h; path = "HelloWorld-Prefix.pch"; sourceTree = "<group>"; };
		BE8D19EE1791DD3800354DBF /* AppDelegate.h */ = {isa = PBXFileReference; lastKnownFileType = sourcecode.c.h; path = AppDelegate.h; sourceTree = "<group>"; };
		BE8D19EF1791DD3800354DBF /* AppDelegate.m */ = {isa = PBXFileReference; lastKnownFileType = sourcecode.c.objc; path = AppDelegate.m; sourceTree = "<group>"; };
		BE8D19F11791DD3800354DBF /* Default.png */ = {isa = PBXFileReference; lastKnownFileType = image.png; path = Default.png; sourceTree = "<group>"; };
		BE8D19F31791DD3800354DBF /* Default@2x.png */ = {isa = PBXFileReference; lastKnownFileType = image.png; path = "Default@2x.png"; sourceTree = "<group>"; };
		BE8D19F51791DD3800354DBF /* Default-568h@2x.png */ = {isa = PBXFileReference; lastKnownFileType = image.png; path = "Default-568h@2x.png"; sourceTree = "<group>"; };
		BE8D19F81791DD3800354DBF /* en */ = {isa = PBXFileReference; lastKnownFileType = file.storyboard; name = en; path = en.lproj/MainStoryboard_iPhone.storyboard; sourceTree = "<group>"; };
		BE8D19FB1791DD3800354DBF /* en */ = {isa = PBXFileReference; lastKnownFileType = file.storyboard; name = en; path = en.lproj/MainStoryboard_iPad.storyboard; sourceTree = "<group>"; };
		BE8D19FD1791DD3800354DBF /* ViewController.h */ = {isa = PBXFileReference; lastKnownFileType = sourcecode.c.h; path = ViewController.h; sourceTree = "<group>"; };
		BE8D19FE1791DD3800354DBF /* ViewController.m */ = {isa = PBXFileReference; lastKnownFileType = sourcecode.c.objc; path = ViewController.m; sourceTree = "<group>"; };
/* End PBXFileReference section */

/* Begin PBXFrameworksBuildPhase section */
		BE8D19D91791DD3800354DBF /* Frameworks */ = {
			isa = PBXFrameworksBuildPhase;
			buildActionMask = 2147483647;
			files = (
				BE8D19E01791DD3800354DBF /* UIKit.framework in Frameworks */,
				BE8D19E21791DD3800354DBF /* Foundation.framework in Frameworks */,
				BE8D19E41791DD3800354DBF /* CoreGraphics.framework in Frameworks */,
			);
			runOnlyForDeploymentPostprocessing = 0;
		};
/* End PBXFrameworksBuildPhase section */

/* Begin PBXGroup section */
		BE8D19D31791DD3800354DBF = {
			isa = PBXGroup;
			children = (
				BE8D19E51791DD3800354DBF /* HelloWorld */,
				BE8D19DE1791DD3800354DBF /* Frameworks */,
				BE8D19DD1791DD3800354DBF /* Products */,
			);
			sourceTree = "<group>";
		};
		BE8D19DD1791DD3800354DBF /* Products */ = {
			isa = PBXGroup;
			children = (
				BE8D19DC1791DD3800354DBF /* HelloWorld.app */,
			);
			name = Products;
			sourceTree = "<group>";
		};
		BE8D19DE1791DD3800354DBF /* Frameworks */ = {
			isa = PBXGroup;
			children = (
				BE8D19DF1791DD3800354DBF /* UIKit.framework */,
				BE8D19E11791DD3800354DBF /* Foundation.framework */,
				BE8D19E31791DD3800354DBF /* CoreGraphics.framework */,
			);
			name = Frameworks;
			sourceTree = "<group>";
		};
		BE8D19E51791DD3800354DBF /* HelloWorld */ = {
			isa = PBXGroup;
			children = (
				BE8D19EE1791DD3800354DBF /* AppDelegate.h */,
				BE8D19EF1791DD3800354DBF /* AppDelegate.m */,
				BE8D19F71791DD3800354DBF /* MainStoryboard_iPhone.storyboard */,
				BE8D19FA1791DD3800354DBF /* MainStoryboard_iPad.storyboard */,
				BE8D19FD1791DD3800354DBF /* ViewController.h */,
				BE8D19FE1791DD3800354DBF /* ViewController.m */,
				BE8D19E61791DD3800354DBF /* Supporting Files */,
			);
			path = HelloWorld;
			sourceTree = "<group>";
		};
		BE8D19E61791DD3800354DBF /* Supporting Files */ = {
			isa = PBXGroup;
			children = (
				BE8D19E71791DD3800354DBF /* HelloWorld-Info.plist */,
				BE8D19E81791DD3800354DBF /* InfoPlist.strings */,
				BE8D19EB1791DD3800354DBF /* main.m */,
				BE8D19ED1791DD3800354DBF /* HelloWorld-Prefix.pch */,
				BE8D19F11791DD3800354DBF /* Default.png */,
				BE8D19F31791DD3800354DBF /* Default@2x.png */,
				BE8D19F51791DD3800354DBF /* Default-568h@2x.png */,
			);
			name = "Supporting Files";
			sourceTree = "<group>";
		};
/* End PBXGroup section */

/* Begin PBXNativeTarget section */
		BE8D19DB1791DD3800354DBF /* HelloWorld */ = {
			isa = PBXNativeTarget;
			buildConfigurationList = BE8D1A021791DD3800354DBF /* Build configuration list for PBXNativeTarget "HelloWorld" */;
			buildPhases = (
				BE8D19D81791DD3800354DBF /* Sources */,
				BE8D19D91791DD3800354DBF /* Frameworks */,
				BE8D19DA1791DD3800354DBF /* Resources */,
			);
			buildRules = (
			);
			dependencies = (
			);
			name = HelloWorld;
			productName = HelloWorld;
			productReference = BE8D19DC1791DD3800354DBF /* HelloWorld.app */;
			productType = "com.apple.product-type.application";
		};
/* End PBXNativeTarget section */

/* Begin PBXProject section */
		BE8D19D41791DD3800354DBF /* Project object */ = {
			isa = PBXProject;
			attributes = {
				LastUpgradeCheck = 0460;
				ORGANIZATIONNAME = TapSense;
			};
			buildConfigurationList = BE8D19D71791DD3800354DBF /* Build configuration list for PBXProject "HelloWorld" */;
			compatibilityVersion = "Xcode 3.2";
			developmentRegion = English;
			hasScannedForEncodings = 0;
			knownRegions = (
				en,
			);
			mainGroup = BE8D19D31791DD3800354DBF;
			productRefGroup = BE8D19DD1791DD3800354DBF /* Products */;
			projectDirPath = "";
			projectRoot = "";
			targets = (
				BE8D19DB1791DD3800354DBF /* HelloWorld */,
			);
		};
/* End PBXProject section */

/* Begin PBXResourcesBuildPhase section */
		BE8D19DA1791DD3800354DBF /* Resources */ = {
			isa = PBXResourcesBuildPhase;
			buildActionMask = 2147483647;
			files = (
				BE8D19EA1791DD3800354DBF /* InfoPlist.strings in Resources */,
				BE8D19F21791DD3800354DBF /* Default.png in Resources */,
				BE8D19F41791DD3800354DBF /* Default@2x.png in Resources */,
				BE8D19F61791DD3800354DBF /* Default-568h@2x.png in Resources */,
				BE8D19F91791DD3800354DBF /* MainStoryboard_iPhone.storyboard in Resources */,
				BE8D19FC1791DD3800354DBF /* MainStoryboard_iPad.storyboard in Resources */,
			);
			runOnlyForDeploymentPostprocessing = 0;
		};
/* End PBXResourcesBuildPhase section */

/* Begin PBXSourcesBuildPhase section */
		BE8D19D81791DD3800354DBF /* Sources */ = {
			isa = PBXSourcesBuildPhase;
			buildActionMask = 2147483647;
			files = (
				BE8D19EC1791DD3800354DBF /* main.m in Sources */,
				BE8D19F01791DD3800354DBF /* AppDelegate.m in Sources */,
				BE8D19FF1791DD3800354DBF /* ViewController.m in Sources */,
			);
			runOnlyForDeploymentPostprocessing = 0;
		};
/* End PBXSourcesBuildPhase section */

/* Begin PBXVariantGroup section */
		BE8D19E81791DD3800354DBF /* InfoPlist.strings */ = {
			isa = PBXVariantGroup;
			children = (
				BE8D19E91791DD3800354DBF /* en */,
			);
			name = InfoPlist.strings;
			sourceTree = "<group>";
		};
		BE8D19F71791DD3800354DBF /* MainStoryboard_iPhone.storyboard */ = {
			isa = PBXVariantGroup;
			children = (
				BE8D19F81791DD3800354DBF /* en */,
			);
			name = MainStoryboard_iPhone.storyboard;
			sourceTree = "<group>";
		};
		BE8D19FA1791DD3800354DBF /* MainStoryboard_iPad.storyboard */ = {
			isa = PBXVariantGroup;
			children = (
				BE8D19FB1791DD3800354DBF /* en */,
			);
			name = MainStoryboard_iPad.storyboard;
			sourceTree = "<group>";
		};
/* End PBXVariantGroup section */

/* Begin XCBuildConfiguration section */
		BE8D1A001791DD3800354DBF /* Debug */ = {
			isa = XCBuildConfiguration;
			buildSettings = {
				ALWAYS_SEARCH_USER_PATHS = NO;
				CLANG_CXX_LANGUAGE_STANDARD = "gnu++0x";
				CLANG_CXX_LIBRARY = "libc++";
				CLANG_WARN_CONSTANT_CONVERSION = YES;
				CLANG_WARN_EMPTY_BODY = YES;
				CLANG_WARN_ENUM_CONVERSION = YES;
				CLANG_WARN_INT_CONVERSION = YES;
				CLANG_WARN__DUPLICATE_METHOD_MATCH = YES;
				"CODE_SIGN_IDENTITY[sdk=iphoneos*]" = "iPhone Developer";
				COPY_PHASE_STRIP = NO;
				GCC_C_LANGUAGE_STANDARD = gnu99;
				GCC_DYNAMIC_NO_PIC = NO;
				GCC_OPTIMIZATION_LEVEL = 0;
				GCC_PREPROCESSOR_DEFINITIONS = (
					"DEBUG=1",
					"$(inherited)",
				);
				GCC_SYMBOLS_PRIVATE_EXTERN = NO;
				GCC_WARN_ABOUT_RETURN_TYPE = YES;
				GCC_WARN_UNINITIALIZED_AUTOS = YES;
				GCC_WARN_UNUSED_VARIABLE = YES;
				IPHONEOS_DEPLOYMENT_TARGET = 6.1;
				ONLY_ACTIVE_ARCH = YES;
				SDKROOT = iphoneos;
				TARGETED_DEVICE_FAMILY = "1,2";
			};
			name = Debug;
		};
		BE8D1A011791DD3800354DBF /* Release */ = {
			isa = XCBuildConfiguration;
			buildSettings = {
				ALWAYS_SEARCH_USER_PATHS = NO;
				CLANG_CXX_LANGUAGE_STANDARD = "gnu++0x";
				CLANG_CXX_LIBRARY = "libc++";
				CLANG_WARN_CONSTANT_CONVERSION = YES;
				CLANG_WARN_EMPTY_BODY = YES;
				CLANG_WARN_ENUM_CONVERSION = YES;
				CLANG_WARN_INT_CONVERSION = YES;
				CLANG_WARN__DUPLICATE_METHOD_MATCH = YES;
				"CODE_SIGN_IDENTITY[sdk=iphoneos*]" = "iPhone Developer";
				COPY_PHASE_STRIP = YES;
				GCC_C_LANGUAGE_STANDARD = gnu99;
				GCC_WARN_ABOUT_RETURN_TYPE = YES;
				GCC_WARN_UNINITIALIZED_AUTOS = YES;
				GCC_WARN_UNUSED_VARIABLE = YES;
				IPHONEOS_DEPLOYMENT_TARGET = 6.1;
				OTHER_CFLAGS = "-DNS_BLOCK_ASSERTIONS=1";
				SDKROOT = iphoneos;
				TARGETED_DEVICE_FAMILY = "1,2";
				VALIDATE_PRODUCT = YES;
			};
			name = Release;
		};
		BE8D1A031791DD3800354DBF /* Debug */ = {
			isa = XCBuildConfiguration;
			buildSettings = {
				GCC_PRECOMPILE_PREFIX_HEADER = YES;
				GCC_PREFIX_HEADER = "HelloWorld/HelloWorld-Prefix.pch";
				INFOPLIST_FILE = "HelloWorld/HelloWorld-Info.plist";
				PRODUCT_NAME = "$(TARGET_NAME)";
				WRAPPER_EXTENSION = app;
			};
			name = Debug;
		};
		BE8D1A041791DD3800354DBF /* Release */ = {
			isa = XCBuildConfiguration;
			buildSettings = {
				GCC_PRECOMPILE_PREFIX_HEADER = YES;
				GCC_PREFIX_HEADER = "HelloWorld/HelloWorld-Prefix.pch";
				INFOPLIST_FILE = "HelloWorld/HelloWorld-Info.plist";
				PRODUCT_NAME = "$(TARGET_NAME)";
				WRAPPER_EXTENSION = app;
			};
			name = Release;
		};
/* End XCBuildConfiguration section */

/* Begin XCConfigurationList section */
		BE8D19D71791DD3800354DBF /* Build configuration list for PBXProject "HelloWorld" */ = {
			isa = XCConfigurationList;
			buildConfigurations = (
				BE8D1A001791DD3800354DBF /* Debug */,
				BE8D1A011791DD3800354DBF /* Release */,
			);
			defaultConfigurationIsVisible = 0;
			defaultConfigurationName = Release;
		};
		BE8D1A021791DD3800354DBF /* Build configuration list for PBXNativeTarget "HelloWorld" */ = {
			isa = XCConfigurationList;
			buildConfigurations = (
				BE8D1A031791DD3800354DBF /* Debug */,
				BE8D1A041791DD3800354DBF /* Release */,
			);
			defaultConfigurationIsVisible = 0;
		};
/* End XCConfigurationList section */
	};
	rootObject = BE8D19D41791DD3800354DBF /* Project object */;
}
